lockfileVersion: '6.0'

dependencies:
  '@progfay/scrapbox-parser':
    specifier: git+https://github.com/progfay/scrapbox-parser.git
    version: github.com/progfay/scrapbox-parser/b7162474fc66d817e7d0e688445bc65101eae375

devDependencies:
  '@types/node':
    specifier: ^18.15.11
    version: 18.15.11
  typescript:
    specifier: ^5.0.4
    version: 5.0.4

packages:

  /@types/node@18.15.11:
    resolution: {integrity: sha512-E5Kwq2n4SbMzQOn6wnmBjuK9ouqlURrcZDVfbo9ftDDTFt3nk7ZKK4GMOzoYgnpQJKcxwQw+lGaBvvlMo0qN/Q==}
    dev: true

  /typescript@5.0.4:
    resolution: {integrity: sha512-cW9T5W9xY37cc+jfEnaUvX91foxtHkza3Nw3wkoF4sSlKn0MONdkdEndig/qPBWXNkmplh3NzayQzCiHM4/hqw==}
    engines: {node: '>=12.20'}
    hasBin: true
    dev: true

  github.com/progfay/scrapbox-parser/b7162474fc66d817e7d0e688445bc65101eae375:
    resolution: {tarball: https://codeload.github.com/progfay/scrapbox-parser/tar.gz/b7162474fc66d817e7d0e688445bc65101eae375}
    name: '@progfay/scrapbox-parser'
    version: 8.1.0
    prepare: true
    requiresBuild: true
    dev: false
