lockfileVersion: '6.0'

dependencies:
  '@progfay/scrapbox-parser':
    specifier: git+https://github.com/progfay/scrapbox-parser.git
    version: github.com/progfay/scrapbox-parser/b7162474fc66d817e7d0e688445bc65101eae375
  '@types/node':
    specifier: ^18.7.14
    version: 18.7.14

packages:

  /@types/node@18.7.14:
    resolution: {integrity: sha512-6bbDaETVi8oyIARulOE9qF1/Qdi/23z6emrUh0fNJRUmjznqrixD4MpGDdgOFk5Xb0m2H6Xu42JGdvAxaJR/wA==}
    dev: false

  github.com/progfay/scrapbox-parser/b7162474fc66d817e7d0e688445bc65101eae375:
    resolution: {tarball: https://codeload.github.com/progfay/scrapbox-parser/tar.gz/b7162474fc66d817e7d0e688445bc65101eae375}
    name: '@progfay/scrapbox-parser'
    version: 8.1.0
    prepare: true
    requiresBuild: true
    dev: false
